hash: 7efd212ba19bc39f218fd997db77527147a6a3b244b393fa2790d67eb7591f3c
updated: 2017-02-16T17:49:59.690949424+08:00
imports:
- name: github.com/appleboy/gin-jwt
  version: 02cb03124e2528f808ef2822521bc6211a93494b
- name: github.com/gin-gonic/gin
  version: e2212d40c62a98b388a5eb48ecbdcf88534688ba
  subpackages:
  - binding
  - render
- name: github.com/golang/protobuf
  version: 2402d76f3d41f928c7902a765dfc872356dd3aad
  subpackages:
  - proto
- name: github.com/manucorporat/sse
  version: ee05b128a739a0fb76c7ebd3ae4810c1de808d6d
- name: github.com/mattn/go-isatty
  version: 281032e84ae07510239465db46bf442aa44b953a
- name: golang.org/x/net
  version: f315505cf3349909cdf013ea56690da34e96a451
  subpackages:
  - context
- name: golang.org/x/sys
  version: d75a52659825e75fff6158388dddc6a5b04f9ba5
  subpackages:
  - unix
- name: gopkg.in/dgrijalva/jwt-go.v3
  version: d2709f9f1f31ebcda9651b03077758c1f3a0018c
- name: gopkg.in/gin-gonic/gin.v1
  version: e2212d40c62a98b388a5eb48ecbdcf88534688ba
- name: gopkg.in/go-playground/validator.v8
  version: c193cecd124b5cc722d7ee5538e945bdb3348435
- name: gopkg.in/yaml.v2
  version: a3f3340b5840cee44f372bddb5880fcbc419b46a
testImports:
- name: github.com/buger/jsonparser
  version: 6bd16707875b997f7a60327f888a28a3d28cf8c2
- name: github.com/davecgh/go-spew
  version: 5215b55f46b2b919f50a1df0eaa5886afe4e3b3d
  subpackages:
  - spew
- name: github.com/pmezard/go-difflib
  version: 792786c7400a136282c1664665ae0a8db921c6c2
  subpackages:
  - difflib
- name: github.com/stretchr/testify
  version: f390dcf405f7b83c997eac1b06768bb9f44dec18
  subpackages:
  - assert
- name: gopkg.in/appleboy/gofight.v2
  version: beadc315fb676177c07a89c34159b9ca4e1aafd9
- name: gopkg.in/stretchr/testify.v1
  version: 69483b4bd14f5845b5a1e55bca19e954e827f1d0
  subpackages:
  - assert
